<?xml version="1.0" encoding="utf-8"?>
<Project ToolsVersion="4.0" xmlns="http://schemas.microsoft.com/developer/msbuild/2003">
  <ItemGroup>
    <Filter Include="Source Files">
      <UniqueIdentifier>{575e09f9-8e75-4e8c-987e-6c9efba7c057}</UniqueIdentifier>
      <Extensions>cpp;c;cxx;rc;def;r;odl;idl;hpj;bat</Extensions>
    </Filter>
    <Filter Include="Header Files">
      <UniqueIdentifier>{477869e0-637c-4ee6-86da-bdccfe2f6855}</UniqueIdentifier>
      <Extensions>h;hpp;hxx;hm;inl</Extensions>
    </Filter>
    <Filter Include="Resource files">
      <UniqueIdentifier>{43d30b51-3951-4299-8138-11ac1affda07}</UniqueIdentifier>
    </Filter>
  </ItemGroup>
  <ItemGroup>
    <ClCompile Include="Export_Bone.cpp">
      <Filter>Source Files</Filter>
    </ClCompile>
    <ClCompile Include="Export_Dialogs.cpp">
      <Filter>Source Files</Filter>
    </ClCompile>
    <ClCompile Include="Export_Exporter.cpp">
      <Filter>Source Files</Filter>
    </ClCompile>
    <ClCompile Include="Export_Face.cpp">
      <Filter>Source Files</Filter>
    </ClCompile>
    <ClCompile Include="Export_Helper.cpp">
      <Filter>Source Files</Filter>
    </ClCompile>
    <ClCompile Include="Export_Lightobject.cpp">
      <Filter>Source Files</Filter>
    </ClCompile>
    <ClCompile Include="Export_Lod.cpp">
      <Filter>Source Files</Filter>
    </ClCompile>
    <ClCompile Include="Export_Material.cpp">
      <Filter>Source Files</Filter>
    </ClCompile>
    <ClCompile Include="Export_Model.cpp">
      <Filter>Source Files</Filter>
    </ClCompile>
    <ClCompile Include="Export_Object.cpp">
      <Filter>Source Files</Filter>
    </ClCompile>
    <ClCompile Include="Export_Object_Chopper.cpp">
      <Filter>Source Files</Filter>
    </ClCompile>
    <ClCompile Include="Export_Types.cpp">
      <Filter>Source Files</Filter>
    </ClCompile>
    <ClCompile Include="Export_Vertex.cpp">
      <Filter>Source Files</Filter>
    </ClCompile>
  </ItemGroup>
  <ItemGroup>
    <ClInclude Include="Export_Bone.h">
      <Filter>Header Files</Filter>
    </ClInclude>
    <ClInclude Include="Export_Dialogs.h">
      <Filter>Header Files</Filter>
    </ClInclude>
    <ClInclude Include="Export_Exporter.h">
      <Filter>Header Files</Filter>
    </ClInclude>
    <ClInclude Include="Export_Face.h">
      <Filter>Header Files</Filter>
    </ClInclude>
    <ClInclude Include="Export_Helper.h">
      <Filter>Header Files</Filter>
    </ClInclude>
    <ClInclude Include="Export_Lightobject.h">
      <Filter>Header Files</Filter>
    </ClInclude>
    <ClInclude Include="Export_Lod.h">
      <Filter>Header Files</Filter>
    </ClInclude>
    <ClInclude Include="Export_Material.h">
      <Filter>Header Files</Filter>
    </ClInclude>
    <ClInclude Include="Export_Model.h">
      <Filter>Header Files</Filter>
    </ClInclude>
    <ClInclude Include="Export_Object.h">
      <Filter>Header Files</Filter>
    </ClInclude>
    <ClInclude Include="Export_Object_Chopper.h">
      <Filter>Header Files</Filter>
    </ClInclude>
    <ClInclude Include="Export_Singleton.h">
      <Filter>Header Files</Filter>
    </ClInclude>
    <ClInclude Include="Export_Types.h">
      <Filter>Header Files</Filter>
    </ClInclude>
    <ClInclude Include="Export_Vertex.h">
      <Filter>Header Files</Filter>
    </ClInclude>
    <ClInclude Include="Resources\resource.h">
      <Filter>Resource files</Filter>
    </ClInclude>
  </ItemGroup>
  <ItemGroup>
    <None Include="Resources\bp.ico">
      <Filter>Resource files</Filter>
    </None>
  </ItemGroup>
</Project>