
Microsoft Visual Studio Solution File, Format Version 12.00
# Visual Studio 14
VisualStudioVersion = 14.0.23107.0
MinimumVisualStudioVersion = 10.0.40219.1
Project("{8BC9CEB8-8B4A-11D0-8D11-00A0C91BC942}") = "keyb3", "..\storm\keyb3\keyb3.vcxproj", "{9EE0ADDB-144B-4E3E-BA47-4750214526E2}"
EndProject
Project("{8BC9CEB8-8B4A-11D0-8D11-00A0C91BC942}") = "storm3dv2", "..\storm\storm3dv2\storm3dv2.vcxproj", "{E51E797B-E20E-476C-8206-7AA9CF270541}"
EndProject
Project("{8BC9CEB8-8B4A-11D0-8D11-00A0C91BC942}") = "shadowgrounds", "shadowgrounds.vcxproj", "{5C78ED70-84DB-4568-AD42-A5142199F9F5}"
	ProjectSection(ProjectDependencies) = postProject
		{E51E797B-E20E-476C-8206-7AA9CF270541} = {E51E797B-E20E-476C-8206-7AA9CF270541}
		{9EE0ADDB-144B-4E3E-BA47-4750214526E2} = {9EE0ADDB-144B-4E3E-BA47-4750214526E2}
	EndProjectSection
EndProject
Global
	GlobalSection(SolutionConfigurationPlatforms) = preSolution
		Debug|Win32 = Debug|Win32
		Release|Win32 = Release|Win32
	EndGlobalSection
	GlobalSection(ProjectConfigurationPlatforms) = postSolution
		{9EE0ADDB-144B-4E3E-BA47-4750214526E2}.Debug|Win32.ActiveCfg = Debug|Win32
		{9EE0ADDB-144B-4E3E-BA47-4750214526E2}.Debug|Win32.Build.0 = Debug|Win32
		{9EE0ADDB-144B-4E3E-BA47-4750214526E2}.Release|Win32.ActiveCfg = Release|Win32
		{9EE0ADDB-144B-4E3E-BA47-4750214526E2}.Release|Win32.Build.0 = Release|Win32
		{E51E797B-E20E-476C-8206-7AA9CF270541}.Debug|Win32.ActiveCfg = Debug|Win32
		{E51E797B-E20E-476C-8206-7AA9CF270541}.Debug|Win32.Build.0 = Debug|Win32
		{E51E797B-E20E-476C-8206-7AA9CF270541}.Release|Win32.ActiveCfg = Release|Win32
		{E51E797B-E20E-476C-8206-7AA9CF270541}.Release|Win32.Build.0 = Release|Win32
		{5C78ED70-84DB-4568-AD42-A5142199F9F5}.Debug|Win32.ActiveCfg = Debug|Win32
		{5C78ED70-84DB-4568-AD42-A5142199F9F5}.Debug|Win32.Build.0 = Debug|Win32
		{5C78ED70-84DB-4568-AD42-A5142199F9F5}.Release|Win32.ActiveCfg = Release|Win32
		{5C78ED70-84DB-4568-AD42-A5142199F9F5}.Release|Win32.Build.0 = Release|Win32
	EndGlobalSection
	GlobalSection(SolutionProperties) = preSolution
		HideSolutionNode = FALSE
	EndGlobalSection
EndGlobal
